// !$*UTF8*$!
{
	archiveVersion = 1;
	classes = {
	};
	objectVersion = 77;
	objects = {

/* Begin PBXBuildFile section */
		30A10B912F3449C7000C09A5 /* ar.gpx in Resources */ = {isa = PBXBuildFile; fileRef = 30BD0C712F289D6300B80CF2 /* ar.gpx */; };
		30A10BA22F35C2D7000C09A5 /* zoo.gpx in Resources */ = {isa = PBXBuildFile; fileRef = 30A10BA12F35C2D7000C09A5 /* zoo.gpx */; };
		30BD0C692F23D33100B80CF2 /* snow.gpx in Resources */ = {isa = PBXBuildFile; fileRef = 30BD0C682F23D33100B80CF2 /* snow.gpx */; };
/* End PBXBuildFile section */

/* Begin PBXFileReference section */
		30A10BA12F35C2D7000C09A5 /* zoo.gpx */ = {isa = PBXFileReference; lastKnownFileType = text.xml; path = zoo.gpx; sourceTree = "<group>"; };
		30A10BA62F36EC13000C09A5 /* moriokaAround.gpx */ = {isa = PBXFileReference; lastKnownFileType = text.xml; name = moriokaAround.gpx; path = ../../Downloads/moriokaAround.gpx; sourceTree = "<group>"; };
		30A10BA72F382ECC000C09A5 /* Location.gpx */ = {isa = PBXFileReference; lastKnownFileType = text.xml; path = Location.gpx; sourceTree = "<group>"; };
		30A10BA82F39D0C5000C09A5 /* TaoyuanAround.gpx */ = {isa = PBXFileReference; lastKnownFileType = text.xml; name = TaoyuanAround.gpx; path = ../../Downloads/TaoyuanAround.gpx; sourceTree = "<group>"; };
		30A10BA92F3AB8BC000C09A5 /* TaipeiAround.gpx */ = {isa = PBXFileReference; lastKnownFileType = text.xml; name = TaipeiAround.gpx; path = ../../Downloads/TaipeiAround.gpx; sourceTree = "<group>"; };
		30B0A9002F3F81E2005D80E2 /* moriokaTemple.gpx */ = {isa = PBXFileReference; lastKnownFileType = text.xml; name = moriokaTemple.gpx; path = ../../Downloads/moriokaTemple.gpx; sourceTree = "<group>"; };
		30B0A9022F4038AC005D80E2 /* temple.gpx */ = {isa = PBXFileReference; lastKnownFileType = text.xml; name = temple.gpx; path = ../../Downloads/temple.gpx; sourceTree = "<group>"; };
		30B0A9032F4437EB005D80E2 /* newTaipei.gpx */ = {isa = PBXFileReference; lastKnownFileType = text.xml; name = newTaipei.gpx; path = ../../Downloads/newTaipei.gpx; sourceTree = "<group>"; };
		30BD0C682F23D33100B80CF2 /* snow.gpx */ = {isa = PBXFileReference; lastKnownFileType = text.xml; path = snow.gpx; sourceTree = "<group>"; };
		30BD0C6A2F25247A00B80CF2 /* snowRun.gpx */ = {isa = PBXFileReference; lastKnownFileType = text.xml; name = snowRun.gpx; path = ../../Downloads/snowRun.gpx; sourceTree = "<group>"; };
		30BD0C6C2F26FA8C00B80CF2 /* 101RUN.gpx */ = {isa = PBXFileReference; lastKnownFileType = text.xml; name = 101RUN.gpx; path = ../../Downloads/101RUN.gpx; sourceTree = "<group>"; };
		30BD0C712F289D6300B80CF2 /* ar.gpx */ = {isa = PBXFileReference; lastKnownFileType = text.xml; path = ar.gpx; sourceTree = "<group>"; };
		30E156072F21FC08007B822E /* GPStest.app */ = {isa = PBXFileReference; explicitFileType = wrapper.application; includeInIndex = 0; path = GPStest.app; sourceTree = BUILT_PRODUCTS_DIR; };
/* End PBXFileReference section */

/* Begin PBXFileSystemSynchronizedBuildFileExceptionSet section */
		30BD0C662F234AA600B80CF2 /* Exceptions for "GPStest" folder in "GPStest" target */ = {
			isa = PBXFileSystemSynchronizedBuildFileExceptionSet;
			membershipExceptions = (
				Info.plist,
			);
			target = 30E156062F21FC08007B822E /* GPStest */;
		};
/* End PBXFileSystemSynchronizedBuildFileExceptionSet section */

/* Begin PBXFileSystemSynchronizedRootGroup section */
		30E156092F21FC08007B822E /* GPStest */ = {
			isa = PBXFileSystemSynchronizedRootGroup;
			exceptions = (
				30BD0C662F234AA600B80CF2 /* Exceptions for "GPStest" folder in "GPStest" target */,
			);
			path = GPStest;
			sourceTree = "<group>";
		};
/* End PBXFileSystemSynchronizedRootGroup section */

/* Begin PBXFrameworksBuildPhase section */
		30E156042F21FC08007B822E /* Frameworks */ = {
			isa = PBXFrameworksBuildPhase;
			buildActionMask = 2147483647;
			files = (
			);
			runOnlyForDeploymentPostprocessing = 0;
		};
/* End PBXFrameworksBuildPhase section */

/* Begin PBXGroup section */
		30E155FE2F21FC08007B822E = {
			isa = PBXGroup;
			children = (
				30B0A9032F4437EB005D80E2 /* newTaipei.gpx */,
				30B0A9022F4038AC005D80E2 /* temple.gpx */,
				30B0A9002F3F81E2005D80E2 /* moriokaTemple.gpx */,
				30A10BA92F3AB8BC000C09A5 /* TaipeiAround.gpx */,
				30A10BA82F39D0C5000C09A5 /* TaoyuanAround.gpx */,
				30A10BA72F382ECC000C09A5 /* Location.gpx */,
				30A10BA62F36EC13000C09A5 /* moriokaAround.gpx */,
				30BD0C712F289D6300B80CF2 /* ar.gpx */,
				30A10BA12F35C2D7000C09A5 /* zoo.gpx */,
				30BD0C6C2F26FA8C00B80CF2 /* 101RUN.gpx */,
				30BD0C6A2F25247A00B80CF2 /* snowRun.gpx */,
				30BD0C682F23D33100B80CF2 /* snow.gpx */,
				30E156092F21FC08007B822E /* GPStest */,
				30E156082F21FC08007B822E /* Products */,
			);
			sourceTree = "<group>";
		};
		30E156082F21FC08007B822E /* Products */ = {
			isa = PBXGroup;
			children = (
				30E156072F21FC08007B822E /* GPStest.app */,
			);
			name = Products;
			sourceTree = "<group>";
		};
/* End PBXGroup section */

/* Begin PBXNativeTarget section */
		30E156062F21FC08007B822E /* GPStest */ = {
			isa = PBXNativeTarget;
			buildConfigurationList = 30E156122F21FC0A007B822E /* Build configuration list for PBXNativeTarget "GPStest" */;
			buildPhases = (
				30E156032F21FC08007B822E /* Sources */,
				30E156042F21FC08007B822E /* Frameworks */,
				30E156052F21FC08007B822E /* Resources */,
			);
			buildRules = (
			);
			dependencies = (
			);
			fileSystemSynchronizedGroups = (
				30E156092F21FC08007B822E /* GPStest */,
			);
			name = GPStest;
			packageProductDependencies = (
			);
			productName = GPStest;
			productReference = 30E156072F21FC08007B822E /* GPStest.app */;
			productType = "com.apple.product-type.application";
		};
/* End PBXNativeTarget section */

/* Begin PBXProject section */
		30E155FF2F21FC08007B822E /* Project object */ = {
			isa = PBXProject;
			attributes = {
				BuildIndependentTargetsInParallel = 1;
				LastSwiftUpdateCheck = 2620;
				LastUpgradeCheck = 2620;
				TargetAttributes = {
					30E156062F21FC08007B822E = {
						CreatedOnToolsVersion = 26.2;
					};
				};
			};
			buildConfigurationList = 30E156022F21FC08007B822E /* Build configuration list for PBXProject "GPStest" */;
			developmentRegion = en;
			hasScannedForEncodings = 0;
			knownRegions = (
				en,
				Base,
			);
			mainGroup = 30E155FE2F21FC08007B822E;
			minimizedProjectReferenceProxies = 1;
			preferredProjectObjectVersion = 77;
			productRefGroup = 30E156082F21FC08007B822E /* Products */;
			projectDirPath = "";
			projectRoot = "";
			targets = (
				30E156062F21FC08007B822E /* GPStest */,
			);
		};
/* End PBXProject section */

/* Begin PBXResourcesBuildPhase section */
		30E156052F21FC08007B822E /* Resources */ = {
			isa = PBXResourcesBuildPhase;
			buildActionMask = 2147483647;
			files = (
				30BD0C692F23D33100B80CF2 /* snow.gpx in Resources */,
				30A10BA22F35C2D7000C09A5 /* zoo.gpx in Resources */,
				30A10B912F3449C7000C09A5 /* ar.gpx in Resources */,
			);
			runOnlyForDeploymentPostprocessing = 0;
		};
/* End PBXResourcesBuildPhase section */

/* Begin PBXSourcesBuildPhase section */
		30E156032F21FC08007B822E /* Sources */ = {
			isa = PBXSourcesBuildPhase;
			buildActionMask = 2147483647;
			files = (
			);
			runOnlyForDeploymentPostprocessing = 0;
		};
/* End PBXSourcesBuildPhase section */

/* Begin XCBuildConfiguration section */
		30E156102F21FC0A007B822E /* Debug */ = {
			isa = XCBuildConfiguration;
			buildSettings = {
				ALWAYS_SEARCH_USER_PATHS = NO;
				ASSETCATALOG_COMPILER_GENERATE_SWIFT_ASSET_SYMBOL_EXTENSIONS = YES;
				CLANG_ANALYZER_NONNULL = YES;
				CLANG_ANALYZER_NUMBER_OBJECT_CONVERSION = YES_AGGRESSIVE;
				CLANG_CXX_LANGUAGE_STANDARD = "gnu++20";
				CLANG_ENABLE_MODULES = YES;
				CLANG_ENABLE_OBJC_ARC = YES;
				CLANG_ENABLE_OBJC_WEAK = YES;
				CLANG_WARN_BLOCK_CAPTURE_AUTORELEASING = YES;
				CLANG_WARN_BOOL_CONVERSION = YES;
				CLANG_WARN_COMMA = YES;
				CLANG_WARN_CONSTANT_CONVERSION = YES;
				CLANG_WARN_DEPRECATED_OBJC_IMPLEMENTATIONS = YES;
				CLANG_WARN_DIRECT_OBJC_ISA_USAGE = YES_ERROR;
				CLANG_WARN_DOCUMENTATION_COMMENTS = YES;
				CLANG_WARN_EMPTY_BODY = YES;
				CLANG_WARN_ENUM_CONVERSION = YES;
				CLANG_WARN_INFINITE_RECURSION = YES;
				CLANG_WARN_INT_CONVERSION = YES;
				CLANG_WARN_NON_LITERAL_NULL_CONVERSION = YES;
				CLANG_WARN_OBJC_IMPLICIT_RETAIN_SELF = YES;
				CLANG_WARN_OBJC_LITERAL_CONVERSION = YES;
				CLANG_WARN_OBJC_ROOT_CLASS = YES_ERROR;
				CLANG_WARN_QUOTED_INCLUDE_IN_FRAMEWORK_HEADER = YES;
				CLANG_WARN_RANGE_LOOP_ANALYSIS = YES;
				CLANG_WARN_STRICT_PROTOTYPES = YES;
				CLANG_WARN_SUSPICIOUS_MOVE = YES;
				CLANG_WARN_UNGUARDED_AVAILABILITY = YES_AGGRESSIVE;
				CLANG_WARN_UNREACHABLE_CODE = YES;
				CLANG_WARN__DUPLICATE_METHOD_MATCH = YES;
				COPY_PHASE_STRIP = NO;
				DEBUG_INFORMATION_FORMAT = dwarf;
				ENABLE_STRICT_OBJC_MSGSEND = YES;
				ENABLE_TESTABILITY = YES;
				ENABLE_USER_SCRIPT_SANDBOXING = YES;
				GCC_C_LANGUAGE_STANDARD = gnu17;
				GCC_DYNAMIC_NO_PIC = NO;
				GCC_NO_COMMON_BLOCKS = YES;
				GCC_OPTIMIZATION_LEVEL = 0;
				GCC_PREPROCESSOR_DEFINITIONS = (
					"DEBUG=1",
					"$(inherited)",
				);
				GCC_WARN_64_TO_32_BIT_CONVERSION = YES;
				GCC_WARN_ABOUT_RETURN_TYPE = YES_ERROR;
				GCC_WARN_UNDECLARED_SELECTOR = YES;
				GCC_WARN_UNINITIALIZED_AUTOS = YES_AGGRESSIVE;
				GCC_WARN_UNUSED_FUNCTION = YES;
				GCC_WARN_UNUSED_VARIABLE = YES;
				LOCALIZATION_PREFERS_STRING_CATALOGS = YES;
				MTL_ENABLE_DEBUG_INFO = INCLUDE_SOURCE;
				MTL_FAST_MATH = YES;
				ONLY_ACTIVE_ARCH = YES;
				SWIFT_ACTIVE_COMPILATION_CONDITIONS = "DEBUG $(inherited)";
				SWIFT_OPTIMIZATION_LEVEL = "-Onone";
			};
			name = Debug;
		};
		30E156112F21FC0A007B822E /* Release */ = {
			isa = XCBuildConfiguration;
			buildSettings = {
				ALWAYS_SEARCH_USER_PATHS = NO;
				ASSETCATALOG_COMPILER_GENERATE_SWIFT_ASSET_SYMBOL_EXTENSIONS = YES;
				CLANG_ANALYZER_NONNULL = YES;
				CLANG_ANALYZER_NUMBER_OBJECT_CONVERSION = YES_AGGRESSIVE;
				CLANG_CXX_LANGUAGE_STANDARD = "gnu++20";
				CLANG_ENABLE_MODULES = YES;
				CLANG_ENABLE_OBJC_ARC = YES;
				CLANG_ENABLE_OBJC_WEAK = YES;
				CLANG_WARN_BLOCK_CAPTURE_AUTORELEASING = YES;
				CLANG_WARN_BOOL_CONVERSION = YES;
				CLANG_WARN_COMMA = YES;
				CLANG_WARN_CONSTANT_CONVERSION = YES;
				CLANG_WARN_DEPRECATED_OBJC_IMPLEMENTATIONS = YES;
				CLANG_WARN_DIRECT_OBJC_ISA_USAGE = YES_ERROR;
				CLANG_WARN_DOCUMENTATION_COMMENTS = YES;
				CLANG_WARN_EMPTY_BODY = YES;
				CLANG_WARN_ENUM_CONVERSION = YES;
				CLANG_WARN_INFINITE_RECURSION = YES;
				CLANG_WARN_INT_CONVERSION = YES;
				CLANG_WARN_NON_LITERAL_NULL_CONVERSION = YES;
				CLANG_WARN_OBJC_IMPLICIT_RETAIN_SELF = YES;
				CLANG_WARN_OBJC_LITERAL_CONVERSION = YES;
				CLANG_WARN_OBJC_ROOT_CLASS = YES_ERROR;
				CLANG_WARN_QUOTED_INCLUDE_IN_FRAMEWORK_HEADER = YES;
				CLANG_WARN_RANGE_LOOP_ANALYSIS = YES;
				CLANG_WARN_STRICT_PROTOTYPES = YES;
				CLANG_WARN_SUSPICIOUS_MOVE = YES;
				CLANG_WARN_UNGUARDED_AVAILABILITY = YES_AGGRESSIVE;
				CLANG_WARN_UNREACHABLE_CODE = YES;
				CLANG_WARN__DUPLICATE_METHOD_MATCH = YES;
				COPY_PHASE_STRIP = NO;
				DEBUG_INFORMATION_FORMAT = "dwarf-with-dsym";
				ENABLE_NS_ASSERTIONS = NO;
				ENABLE_STRICT_OBJC_MSGSEND = YES;
				ENABLE_USER_SCRIPT_SANDBOXING = YES;
				GCC_C_LANGUAGE_STANDARD = gnu17;
				GCC_NO_COMMON_BLOCKS = YES;
				GCC_WARN_64_TO_32_BIT_CONVERSION = YES;
				GCC_WARN_ABOUT_RETURN_TYPE = YES_ERROR;
				GCC_WARN_UNDECLARED_SELECTOR = YES;
				GCC_WARN_UNINITIALIZED_AUTOS = YES_AGGRESSIVE;
				GCC_WARN_UNUSED_FUNCTION = YES;
				GCC_WARN_UNUSED_VARIABLE = YES;
				LOCALIZATION_PREFERS_STRING_CATALOGS = YES;
				MTL_ENABLE_DEBUG_INFO = NO;
				MTL_FAST_MATH = YES;
				SWIFT_COMPILATION_MODE = wholemodule;
			};
			name = Release;
		};
		30E156132F21FC0A007B822E /* Debug */ = {
			isa = XCBuildConfiguration;
			buildSettings = {
				ASSETCATALOG_COMPILER_APPICON_NAME = AppIcon;
				ASSETCATALOG_COMPILER_GLOBAL_ACCENT_COLOR_NAME = AccentColor;
				CODE_SIGN_ENTITLEMENTS = GPStest/GPStest.entitlements;
				CODE_SIGN_STYLE = Automatic;
				CURRENT_PROJECT_VERSION = 1;
				DEVELOPMENT_TEAM = 232K5SA93T;
				ENABLE_APP_SANDBOX = YES;
				ENABLE_PREVIEWS = YES;
				ENABLE_USER_SELECTED_FILES = readonly;
				GENERATE_INFOPLIST_FILE = YES;
				INFOPLIST_FILE = GPStest/Info.plist;
				INFOPLIST_KEY_CFBundleDisplayName = pikGO;
				INFOPLIST_KEY_LSApplicationCategoryType = "";
				INFOPLIST_KEY_NSHealthShareUsageDescription = "需要讀取步數資料以進行數據同步測試。";
				INFOPLIST_KEY_NSHealthUpdateUsageDescription = "需要寫入步數資料以進行遊戲測試與 GPS 模擬";
				INFOPLIST_KEY_NSLocationAlwaysAndWhenInUseUsageDescription = PK;
				INFOPLIST_KEY_NSLocationWhenInUseUsageDescription = Pikmin;
				"INFOPLIST_KEY_UIApplicationSceneManifest_Generation[sdk=iphoneos*]" = YES;
				"INFOPLIST_KEY_UIApplicationSceneManifest_Generation[sdk=iphonesimulator*]" = YES;
				"INFOPLIST_KEY_UIApplicationSupportsIndirectInputEvents[sdk=iphoneos*]" = YES;
				"INFOPLIST_KEY_UIApplicationSupportsIndirectInputEvents[sdk=iphonesimulator*]" = YES;
				"INFOPLIST_KEY_UILaunchScreen_Generation[sdk=iphoneos*]" = YES;
				"INFOPLIST_KEY_UILaunchScreen_Generation[sdk=iphonesimulator*]" = YES;
				"INFOPLIST_KEY_UIStatusBarStyle[sdk=iphoneos*]" = UIStatusBarStyleDefault;
				"INFOPLIST_KEY_UIStatusBarStyle[sdk=iphonesimulator*]" = UIStatusBarStyleDefault;
				INFOPLIST_KEY_UISupportedInterfaceOrientations_iPad = "UIInterfaceOrientationPortrait UIInterfaceOrientationPortraitUpsideDown UIInterfaceOrientationLandscapeLeft UIInterfaceOrientationLandscapeRight";
				INFOPLIST_KEY_UISupportedInterfaceOrientations_iPhone = "UIInterfaceOrientationPortrait UIInterfaceOrientationLandscapeLeft UIInterfaceOrientationLandscapeRight";
				IPHONEOS_DEPLOYMENT_TARGET = 18.0;
				LD_RUNPATH_SEARCH_PATHS = "@executable_path/Frameworks";
				"LD_RUNPATH_SEARCH_PATHS[sdk=macosx*]" = "@executable_path/../Frameworks";
				MACOSX_DEPLOYMENT_TARGET = 26.2;
				MARKETING_VERSION = 1.0;
				PRODUCT_BUNDLE_IDENTIFIER = com.test.GPStest;
				PRODUCT_NAME = "$(TARGET_NAME)";
				REGISTER_APP_GROUPS = YES;
				SDKROOT = auto;
				STRING_CATALOG_GENERATE_SYMBOLS = YES;
				SUPPORTED_PLATFORMS = "iphoneos iphonesimulator macosx xros xrsimulator";
				SWIFT_APPROACHABLE_CONCURRENCY = YES;
				SWIFT_DEFAULT_ACTOR_ISOLATION = MainActor;
				SWIFT_EMIT_LOC_STRINGS = YES;
				SWIFT_UPCOMING_FEATURE_MEMBER_IMPORT_VISIBILITY = YES;
				SWIFT_VERSION = 5.0;
				TARGETED_DEVICE_FAMILY = "1,2,7";
				XROS_DEPLOYMENT_TARGET = 26.2;
			};
			name = Debug;
		};
		30E156142F21FC0A007B822E /* Release */ = {
			isa = XCBuildConfiguration;
			buildSettings = {
				ASSETCATALOG_COMPILER_APPICON_NAME = AppIcon;
				ASSETCATALOG_COMPILER_GLOBAL_ACCENT_COLOR_NAME = AccentColor;
				CODE_SIGN_ENTITLEMENTS = GPStest/GPStest.entitlements;
				CODE_SIGN_STYLE = Automatic;
				CURRENT_PROJECT_VERSION = 1;
				DEVELOPMENT_TEAM = 232K5SA93T;
				ENABLE_APP_SANDBOX = YES;
				ENABLE_PREVIEWS = YES;
				ENABLE_USER_SELECTED_FILES = readonly;
				GENERATE_INFOPLIST_FILE = YES;
				INFOPLIST_FILE = GPStest/Info.plist;
				INFOPLIST_KEY_CFBundleDisplayName = pikGO;
				INFOPLIST_KEY_LSApplicationCategoryType = "";
				INFOPLIST_KEY_NSHealthShareUsageDescription = "需要讀取步數資料以進行數據同步測試。";
				INFOPLIST_KEY_NSHealthUpdateUsageDescription = "需要寫入步數資料以進行遊戲測試與 GPS 模擬";
				INFOPLIST_KEY_NSLocationAlwaysAndWhenInUseUsageDescription = PK;
				INFOPLIST_KEY_NSLocationWhenInUseUsageDescription = Pikmin;
				"INFOPLIST_KEY_UIApplicationSceneManifest_Generation[sdk=iphoneos*]" = YES;
				"INFOPLIST_KEY_UIApplicationSceneManifest_Generation[sdk=iphonesimulator*]" = YES;
				"INFOPLIST_KEY_UIApplicationSupportsIndirectInputEvents[sdk=iphoneos*]" = YES;
				"INFOPLIST_KEY_UIApplicationSupportsIndirectInputEvents[sdk=iphonesimulator*]" = YES;
				"INFOPLIST_KEY_UILaunchScreen_Generation[sdk=iphoneos*]" = YES;
				"INFOPLIST_KEY_UILaunchScreen_Generation[sdk=iphonesimulator*]" = YES;
				"INFOPLIST_KEY_UIStatusBarStyle[sdk=iphoneos*]" = UIStatusBarStyleDefault;
				"INFOPLIST_KEY_UIStatusBarStyle[sdk=iphonesimulator*]" = UIStatusBarStyleDefault;
				INFOPLIST_KEY_UISupportedInterfaceOrientations_iPad = "UIInterfaceOrientationPortrait UIInterfaceOrientationPortraitUpsideDown UIInterfaceOrientationLandscapeLeft UIInterfaceOrientationLandscapeRight";
				INFOPLIST_KEY_UISupportedInterfaceOrientations_iPhone = "UIInterfaceOrientationPortrait UIInterfaceOrientationLandscapeLeft UIInterfaceOrientationLandscapeRight";
				IPHONEOS_DEPLOYMENT_TARGET = 18.0;
				LD_RUNPATH_SEARCH_PATHS = "@executable_path/Frameworks";
				"LD_RUNPATH_SEARCH_PATHS[sdk=macosx*]" = "@executable_path/../Frameworks";
				MACOSX_DEPLOYMENT_TARGET = 26.2;
				MARKETING_VERSION = 1.0;
				PRODUCT_BUNDLE_IDENTIFIER = com.test.GPStest;
				PRODUCT_NAME = "$(TARGET_NAME)";
				REGISTER_APP_GROUPS = YES;
				SDKROOT = auto;
				STRING_CATALOG_GENERATE_SYMBOLS = YES;
				SUPPORTED_PLATFORMS = "iphoneos iphonesimulator macosx xros xrsimulator";
				SWIFT_APPROACHABLE_CONCURRENCY = YES;
				SWIFT_DEFAULT_ACTOR_ISOLATION = MainActor;
				SWIFT_EMIT_LOC_STRINGS = YES;
				SWIFT_UPCOMING_FEATURE_MEMBER_IMPORT_VISIBILITY = YES;
				SWIFT_VERSION = 5.0;
				TARGETED_DEVICE_FAMILY = "1,2,7";
				XROS_DEPLOYMENT_TARGET = 26.2;
			};
			name = Release;
		};
/* End XCBuildConfiguration section */

/* Begin XCConfigurationList section */
		30E156022F21FC08007B822E /* Build configuration list for PBXProject "GPStest" */ = {
			isa = XCConfigurationList;
			buildConfigurations = (
				30E156102F21FC0A007B822E /* Debug */,
				30E156112F21FC0A007B822E /* Release */,
			);
			defaultConfigurationIsVisible = 0;
			defaultConfigurationName = Release;
		};
		30E156122F21FC0A007B822E /* Build configuration list for PBXNativeTarget "GPStest" */ = {
			isa = XCConfigurationList;
			buildConfigurations = (
				30E156132F21FC0A007B822E /* Debug */,
				30E156142F21FC0A007B822E /* Release */,
			);
			defaultConfigurationIsVisible = 0;
			defaultConfigurationName = Release;
		};
/* End XCConfigurationList section */
	};
	rootObject = 30E155FF2F21FC08007B822E /* Project object */;
}
